{
  "name": "@codezen/smart-table-ng",
  "version": "19.0.0",
  "lockfileVersion": 3,
  "requires": true,
  "packages": {
    "": {
      "name": "@codezen/smart-table-ng",
      "version": "19.0.0",
      "dependencies": {
        "tslib": "^2.3.0"
      },
      "devDependencies": {
        "smart-table-core": "^3.0.7"
      },
      "peerDependencies": {
        "@angular/common": "^19.0.0",
        "@angular/core": "^19.0.0",
        "rxjs": "^7.0.0",
        "smart-table-core": "^3.0.7"
      }
    },
    "node_modules/@angular/common": {
      "version": "19.1.0",
      "resolved": "https://registry.npmjs.org/@angular/common/-/common-19.1.0.tgz",
      "integrity": "sha512-At7Rj/RbXBcXBPYfBkgnBKyUDgZBiq7NNSnBbFnbIOkP6lY8JT8Y2fN0JX7Q+Hrmw4U2ysjM3A7cHiwdGLd8Nw==",
      "license": "MIT",
      "peer": true,
      "dependencies": {
        "tslib": "^2.3.0"
      },
      "engines": {
        "node": "^18.19.1 || ^20.11.1 || >=22.0.0"
      },
      "peerDependencies": {
        "@angular/core": "19.1.0",
        "rxjs": "^6.5.3 || ^7.4.0"
      }
    },
    "node_modules/@angular/core": {
      "version": "19.1.0",
      "resolved": "https://registry.npmjs.org/@angular/core/-/core-19.1.0.tgz",
      "integrity": "sha512-mbqBkq4Fz61pfmmZDHcH64BzXw8jRUGAdaCOykZO11BuTLPHVZMGWepWtQScuYTZCCj8BR+rfrCULe5TGEQcCA==",
      "license": "MIT",
      "peer": true,
      "dependencies": {
        "tslib": "^2.3.0"
      },
      "engines": {
        "node": "^18.19.1 || ^20.11.1 || >=22.0.0"
      },
      "peerDependencies": {
        "rxjs": "^6.5.3 || ^7.4.0",
        "zone.js": "~0.15.0"
      }
    },
    "node_modules/re-template-tag": {
      "version": "2.0.1",
      "resolved": "https://registry.npmjs.org/re-template-tag/-/re-template-tag-2.0.1.tgz",
      "integrity": "sha512-TkxjSTkKDTKjSrflkkUDHd/2RDQuwoYPdrdNtTcDG0wD2EeT5FeeWe1QANwKe4BwOC5kN8a7QnvSAgSz7mRhwQ==",
      "dev": true,
      "license": "MIT"
    },
    "node_modules/rxjs": {
      "version": "7.8.1",
      "resolved": "https://registry.npmjs.org/rxjs/-/rxjs-7.8.1.tgz",
      "integrity": "sha512-AA3TVj+0A2iuIoQkWEK/tqFjBq2j+6PO6Y0zJcvzLAFhEFIO3HL0vls9hWLncZbAAbK0mar7oZ4V079I/qPMxg==",
      "license": "Apache-2.0",
      "peer": true,
      "dependencies": {
        "tslib": "^2.1.0"
      }
    },
    "node_modules/smart-table-core": {
      "version": "3.0.7",
      "resolved": "https://registry.npmjs.org/smart-table-core/-/smart-table-core-3.0.7.tgz",
      "integrity": "sha512-iYPq02zESZkFADWthjCzkhIa+eFteaUsWhHPIEVc7CRF7eGAmMF4bNp8E5fvxvXaPMS91aMtcWXAsjhIZvFvzQ==",
      "dev": true,
      "license": "MIT",
      "dependencies": {
        "smart-table-events": "^1.0.10",
        "smart-table-filter": "^2.0.5",
        "smart-table-json-pointer": "^3.0.0",
        "smart-table-operators": "^2.0.10",
        "smart-table-search": "^2.0.8",
        "smart-table-sort": "^2.0.5"
      }
    },
    "node_modules/smart-table-events": {
      "version": "1.0.10",
      "resolved": "https://registry.npmjs.org/smart-table-events/-/smart-table-events-1.0.10.tgz",
      "integrity": "sha512-v/5OC4uO2n2Fpa3/liT08hCDTaMrA5SkEo81QssYDbQLIbIDv1ZsONs4hMgbH+O1DEAN2ZmIEtEf8WLIDYTuCA==",
      "dev": true,
      "license": "MIT"
    },
    "node_modules/smart-table-filter": {
      "version": "2.0.5",
      "resolved": "https://registry.npmjs.org/smart-table-filter/-/smart-table-filter-2.0.5.tgz",
      "integrity": "sha512-ZUCiF5B0pTpm4tZHsD2MMjtlMWv1Syi1Z6AvpInmpdv6oLsa3X0r8/LFjo/kK/EN+9MYWcFkDoO+jR/6uZVe2w==",
      "dev": true,
      "license": "MIT",
      "dependencies": {
        "smart-table-json-pointer": "^3.0.0",
        "smart-table-operators": "^2.0.10"
      }
    },
    "node_modules/smart-table-json-pointer": {
      "version": "3.0.0",
      "resolved": "https://registry.npmjs.org/smart-table-json-pointer/-/smart-table-json-pointer-3.0.0.tgz",
      "integrity": "sha512-cpXdGnWsi4IHvvCdVgbdmaCdQgafuoME1YTErP/g4cetqgQjbmUmlTsWOJ176prGs6VY3d6CUJQ0nl8wkdt1QQ==",
      "dev": true,
      "license": "MIT"
    },
    "node_modules/smart-table-operators": {
      "version": "2.0.10",
      "resolved": "https://registry.npmjs.org/smart-table-operators/-/smart-table-operators-2.0.10.tgz",
      "integrity": "sha512-qjc3DZVFCTSz+zfEwXB4uoZ1lUomQLBmND9ZUobXVR5zf15KW66ETIHLi8eQBfSHUDdvi3yNslK3aiCJbeG/gw==",
      "dev": true,
      "license": "MIT"
    },
    "node_modules/smart-table-search": {
      "version": "2.0.8",
      "resolved": "https://registry.npmjs.org/smart-table-search/-/smart-table-search-2.0.8.tgz",
      "integrity": "sha512-D3iLayx4mMEd0HNPp6htXAyHATP0J4vgOnRcJmb6Cqk9HngNU9iV9PauptGaOhFwfZjPQZK/0LEEfnrQsBONTA==",
      "dev": true,
      "license": "MIT",
      "dependencies": {
        "re-template-tag": "^2.0.1",
        "smart-table-json-pointer": "^3.0.0"
      }
    },
    "node_modules/smart-table-sort": {
      "version": "2.0.5",
      "resolved": "https://registry.npmjs.org/smart-table-sort/-/smart-table-sort-2.0.5.tgz",
      "integrity": "sha512-7ooMneEjSq4fPRy/kA5m0FByHH5YMGR5rV80blUvzy1XMuaJSr6BB/3mOuR3lRcxSPDs+vsMvMD1P3aEWvYidA==",
      "dev": true,
      "license": "MIT",
      "dependencies": {
        "smart-table-json-pointer": "^3.0.0",
        "smart-table-operators": "^2.0.10"
      }
    },
    "node_modules/tslib": {
      "version": "2.6.2",
      "resolved": "https://registry.npmjs.org/tslib/-/tslib-2.6.2.tgz",
      "integrity": "sha512-AEYxH93jGFPn/a2iVAwW87VuUIkR1FVUKB77NwMF7nBTDkDrrT/Hpt/IrCJ0QXhW27jTBDcf5ZY7w6RiqTMw2Q==",
      "license": "0BSD"
    },
    "node_modules/zone.js": {
      "version": "0.15.0",
      "resolved": "https://registry.npmjs.org/zone.js/-/zone.js-0.15.0.tgz",
      "integrity": "sha512-9oxn0IIjbCZkJ67L+LkhYWRyAy7axphb3VgE2MBDlOqnmHMPWGYMxJxBYFueFq/JGY2GMwS0rU+UCLunEmy5UA==",
      "license": "MIT",
      "peer": true
    }
  }
}
